
Microsoft Visual Studio Solution File, Format Version 12.00
# Visual Studio Version 16
VisualStudioVersion = 16.0.30611.23
MinimumVisualStudioVersion = 10.0.40219.1
Project("{888888A0-9F3D-457C-B088-3A5042F75D52}") = "APS", "APS\APS.pyproj", "{70628AEE-9B71-42BA-8406-D6E06A80734A}"
EndProject
Global
	GlobalSection(SolutionConfigurationPlatforms) = preSolution
		Debug|Any CPU = Debug|Any CPU
		Release|Any CPU = Release|Any CPU
	EndGlobalSection
	GlobalSection(ProjectConfigurationPlatforms) = postSolution
		{70628AEE-9B71-42BA-8406-D6E06A80734A}.Debug|Any CPU.ActiveCfg = Debug|Any CPU
		{70628AEE-9B71-42BA-8406-D6E06A80734A}.Release|Any CPU.ActiveCfg = Release|Any CPU
	EndGlobalSection
	GlobalSection(SolutionProperties) = preSolution
		HideSolutionNode = FALSE
	EndGlobalSection
	GlobalSection(ExtensibilityGlobals) = postSolution
		SolutionGuid = {A2E609D7-2A22-44A7-9E0C-5433C9625FF4}
	EndGlobalSection
EndGlobal
