
Microsoft Visual Studio Solution File, Format Version 12.00
# Visual Studio Version 16
VisualStudioVersion = 16.0.30621.155
MinimumVisualStudioVersion = 10.0.40219.1
Project("{FAE04EC0-301F-11D3-BF4B-00C04F79EFBC}") = "TesteImagemBanco", "TesteImagemBanco\TesteImagemBanco.csproj", "{65B1DC6E-3B19-4440-900C-3E777AFB3C52}"
EndProject
Global
	GlobalSection(SolutionConfigurationPlatforms) = preSolution
		Debug|Any CPU = Debug|Any CPU
		Release|Any CPU = Release|Any CPU
	EndGlobalSection
	GlobalSection(ProjectConfigurationPlatforms) = postSolution
		{65B1DC6E-3B19-4440-900C-3E777AFB3C52}.Debug|Any CPU.ActiveCfg = Debug|Any CPU
		{65B1DC6E-3B19-4440-900C-3E777AFB3C52}.Debug|Any CPU.Build.0 = Debug|Any CPU
		{65B1DC6E-3B19-4440-900C-3E777AFB3C52}.Release|Any CPU.ActiveCfg = Release|Any CPU
		{65B1DC6E-3B19-4440-900C-3E777AFB3C52}.Release|Any CPU.Build.0 = Release|Any CPU
	EndGlobalSection
	GlobalSection(SolutionProperties) = preSolution
		HideSolutionNode = FALSE
	EndGlobalSection
	GlobalSection(ExtensibilityGlobals) = postSolution
		SolutionGuid = {7CA90211-D630-419D-9194-8C50D634359B}
	EndGlobalSection
EndGlobal
