
Microsoft Visual Studio Solution File, Format Version 12.00
# Visual Studio Version 16
VisualStudioVersion = 16.0.30611.23
MinimumVisualStudioVersion = 10.0.40219.1
Project("{FAE04EC0-301F-11D3-BF4B-00C04F79EFBC}") = "TesteImagem", "TesteImagem\TesteImagem.csproj", "{A3078293-B408-484E-8FAD-0800BF28AC0C}"
EndProject
Global
	GlobalSection(SolutionConfigurationPlatforms) = preSolution
		Debug|Any CPU = Debug|Any CPU
		Release|Any CPU = Release|Any CPU
	EndGlobalSection
	GlobalSection(ProjectConfigurationPlatforms) = postSolution
		{A3078293-B408-484E-8FAD-0800BF28AC0C}.Debug|Any CPU.ActiveCfg = Debug|Any CPU
		{A3078293-B408-484E-8FAD-0800BF28AC0C}.Debug|Any CPU.Build.0 = Debug|Any CPU
		{A3078293-B408-484E-8FAD-0800BF28AC0C}.Release|Any CPU.ActiveCfg = Release|Any CPU
		{A3078293-B408-484E-8FAD-0800BF28AC0C}.Release|Any CPU.Build.0 = Release|Any CPU
	EndGlobalSection
	GlobalSection(SolutionProperties) = preSolution
		HideSolutionNode = FALSE
	EndGlobalSection
	GlobalSection(ExtensibilityGlobals) = postSolution
		SolutionGuid = {EF442124-3555-4982-869F-04A174FBC27D}
	EndGlobalSection
EndGlobal
